
Microsoft Visual Studio Solution File, Format Version 12.00
# Visual Studio Version 16
VisualStudioVersion = 16.0.29709.97
MinimumVisualStudioVersion = 10.0.40219.1
Project("{FAE04EC0-301F-11D3-BF4B-00C04F79EFBC}") = "01. Reverse Strings", "01. Reverse Strings\01. Reverse Strings.csproj", "{50537720-F087-4414-AF94-9D72535648D5}"
EndProject
Project("{FAE04EC0-301F-11D3-BF4B-00C04F79EFBC}") = "02. Stack Sum", "02. Stack Sum\02. Stack Sum.csproj", "{C278B3A7-6128-4EA2-B357-A3EC5DFBCC5E}"
EndProject
Project("{FAE04EC0-301F-11D3-BF4B-00C04F79EFBC}") = "03. Simple Calculator", "03. Simple Calculator\03. Simple Calculator.csproj", "{B3DB5B6C-BD3E-458E-AF7B-E36AF5BABF00}"
EndProject
Project("{FAE04EC0-301F-11D3-BF4B-00C04F79EFBC}") = "04. Matching Brackets", "4. Matching Brackets\04. Matching Brackets.csproj", "{72C4C471-672E-42EB-ABAE-1F2AE68182C4}"
EndProject
Project("{FAE04EC0-301F-11D3-BF4B-00C04F79EFBC}") = "05. Print Even Numbers", "05. Print Even Numbers\05. Print Even Numbers.csproj", "{0F1D9BC5-4E16-4023-B8CA-9704D23C139D}"
EndProject
Project("{FAE04EC0-301F-11D3-BF4B-00C04F79EFBC}") = "06. Supermarket", "06. Supermarket\06. Supermarket.csproj", "{ECA59CB0-5514-4C1A-923A-43AC3867F79F}"
EndProject
Project("{FAE04EC0-301F-11D3-BF4B-00C04F79EFBC}") = "07. Hot Potato", "07. Hot Potato\07. Hot Potato.csproj", "{5B2B630D-6C02-486E-89C5-3DCE7DE36D5B}"
EndProject
Project("{FAE04EC0-301F-11D3-BF4B-00C04F79EFBC}") = "08. Traffic Jam", "08. Traffic Jam\08. Traffic Jam.csproj", "{6D2353CA-9588-4435-AE69-6EBFDCA8BFC0}"
EndProject
Global
	GlobalSection(SolutionConfigurationPlatforms) = preSolution
		Debug|Any CPU = Debug|Any CPU
		Release|Any CPU = Release|Any CPU
	EndGlobalSection
	GlobalSection(ProjectConfigurationPlatforms) = postSolution
		{50537720-F087-4414-AF94-9D72535648D5}.Debug|Any CPU.ActiveCfg = Debug|Any CPU
		{50537720-F087-4414-AF94-9D72535648D5}.Debug|Any CPU.Build.0 = Debug|Any CPU
		{50537720-F087-4414-AF94-9D72535648D5}.Release|Any CPU.ActiveCfg = Release|Any CPU
		{50537720-F087-4414-AF94-9D72535648D5}.Release|Any CPU.Build.0 = Release|Any CPU
		{C278B3A7-6128-4EA2-B357-A3EC5DFBCC5E}.Debug|Any CPU.ActiveCfg = Debug|Any CPU
		{C278B3A7-6128-4EA2-B357-A3EC5DFBCC5E}.Debug|Any CPU.Build.0 = Debug|Any CPU
		{C278B3A7-6128-4EA2-B357-A3EC5DFBCC5E}.Release|Any CPU.ActiveCfg = Release|Any CPU
		{C278B3A7-6128-4EA2-B357-A3EC5DFBCC5E}.Release|Any CPU.Build.0 = Release|Any CPU
		{B3DB5B6C-BD3E-458E-AF7B-E36AF5BABF00}.Debug|Any CPU.ActiveCfg = Debug|Any CPU
		{B3DB5B6C-BD3E-458E-AF7B-E36AF5BABF00}.Debug|Any CPU.Build.0 = Debug|Any CPU
		{B3DB5B6C-BD3E-458E-AF7B-E36AF5BABF00}.Release|Any CPU.ActiveCfg = Release|Any CPU
		{B3DB5B6C-BD3E-458E-AF7B-E36AF5BABF00}.Release|Any CPU.Build.0 = Release|Any CPU
		{72C4C471-672E-42EB-ABAE-1F2AE68182C4}.Debug|Any CPU.ActiveCfg = Debug|Any CPU
		{72C4C471-672E-42EB-ABAE-1F2AE68182C4}.Debug|Any CPU.Build.0 = Debug|Any CPU
		{72C4C471-672E-42EB-ABAE-1F2AE68182C4}.Release|Any CPU.ActiveCfg = Release|Any CPU
		{72C4C471-672E-42EB-ABAE-1F2AE68182C4}.Release|Any CPU.Build.0 = Release|Any CPU
		{0F1D9BC5-4E16-4023-B8CA-9704D23C139D}.Debug|Any CPU.ActiveCfg = Debug|Any CPU
		{0F1D9BC5-4E16-4023-B8CA-9704D23C139D}.Debug|Any CPU.Build.0 = Debug|Any CPU
		{0F1D9BC5-4E16-4023-B8CA-9704D23C139D}.Release|Any CPU.ActiveCfg = Release|Any CPU
		{0F1D9BC5-4E16-4023-B8CA-9704D23C139D}.Release|Any CPU.Build.0 = Release|Any CPU
		{ECA59CB0-5514-4C1A-923A-43AC3867F79F}.Debug|Any CPU.ActiveCfg = Debug|Any CPU
		{ECA59CB0-5514-4C1A-923A-43AC3867F79F}.Debug|Any CPU.Build.0 = Debug|Any CPU
		{ECA59CB0-5514-4C1A-923A-43AC3867F79F}.Release|Any CPU.ActiveCfg = Release|Any CPU
		{ECA59CB0-5514-4C1A-923A-43AC3867F79F}.Release|Any CPU.Build.0 = Release|Any CPU
		{5B2B630D-6C02-486E-89C5-3DCE7DE36D5B}.Debug|Any CPU.ActiveCfg = Debug|Any CPU
		{5B2B630D-6C02-486E-89C5-3DCE7DE36D5B}.Debug|Any CPU.Build.0 = Debug|Any CPU
		{5B2B630D-6C02-486E-89C5-3DCE7DE36D5B}.Release|Any CPU.ActiveCfg = Release|Any CPU
		{5B2B630D-6C02-486E-89C5-3DCE7DE36D5B}.Release|Any CPU.Build.0 = Release|Any CPU
		{6D2353CA-9588-4435-AE69-6EBFDCA8BFC0}.Debug|Any CPU.ActiveCfg = Debug|Any CPU
		{6D2353CA-9588-4435-AE69-6EBFDCA8BFC0}.Debug|Any CPU.Build.0 = Debug|Any CPU
		{6D2353CA-9588-4435-AE69-6EBFDCA8BFC0}.Release|Any CPU.ActiveCfg = Release|Any CPU
		{6D2353CA-9588-4435-AE69-6EBFDCA8BFC0}.Release|Any CPU.Build.0 = Release|Any CPU
	EndGlobalSection
	GlobalSection(SolutionProperties) = preSolution
		HideSolutionNode = FALSE
	EndGlobalSection
	GlobalSection(ExtensibilityGlobals) = postSolution
		SolutionGuid = {838665BB-0B8E-42CD-862D-A57D58B39218}
	EndGlobalSection
EndGlobal
